// !$*UTF8*$!
{
	archiveVersion = 1;
	classes = {
	};
	objectVersion = 46;
	objects = {

/* Begin PBXBuildFile section */
		57097FCB1E6CC4EC000C5EC6 /* AppDelegate.swift in Sources */ = {isa = PBXBuildFile; fileRef = 57097FCA1E6CC4EC000C5EC6 /* AppDelegate.swift */; };
		57097FCD1E6CC4EC000C5EC6 /* LazyLuggageViewController.swift in Sources */ = {isa = PBXBuildFile; fileRef = 57097FCC1E6CC4EC000C5EC6 /* LazyLuggageViewController.swift */; };
		57097FD01E6CC4EC000C5EC6 /* Main.storyboard in Resources */ = {isa = PBXBuildFile; fileRef = 57097FCE1E6CC4EC000C5EC6 /* Main.storyboard */; };
		57097FD21E6CC4EC000C5EC6 /* Assets.xcassets in Resources */ = {isa = PBXBuildFile; fileRef = 57097FD11E6CC4EC000C5EC6 /* Assets.xcassets */; };
		57097FD51E6CC4EC000C5EC6 /* LaunchScreen.storyboard in Resources */ = {isa = PBXBuildFile; fileRef = 57097FD31E6CC4EC000C5EC6 /* LaunchScreen.storyboard */; };
		579B04A31E79A60400941FB3 /* Data.swift in Sources */ = {isa = PBXBuildFile; fileRef = 579B04A21E79A60400941FB3 /* Data.swift */; };
/* End PBXBuildFile section */

/* Begin PBXFileReference section */
		57097FC71E6CC4EC000C5EC6 /* LazyLuggage.app */ = {isa = PBXFileReference; explicitFileType = wrapper.application; includeInIndex = 0; path = LazyLuggage.app; sourceTree = BUILT_PRODUCTS_DIR; };
		57097FCA1E6CC4EC000C5EC6 /* AppDelegate.swift */ = {isa = PBXFileReference; lastKnownFileType = sourcecode.swift; path = AppDelegate.swift; sourceTree = "<group>"; };
		57097FCC1E6CC4EC000C5EC6 /* LazyLuggageViewController.swift */ = {isa = PBXFileReference; lastKnownFileType = sourcecode.swift; path = LazyLuggageViewController.swift; sourceTree = "<group>"; };
		57097FCF1E6CC4EC000C5EC6 /* Base */ = {isa = PBXFileReference; lastKnownFileType = file.storyboard; name = Base; path = Base.lproj/Main.storyboard; sourceTree = "<group>"; };
		57097FD11E6CC4EC000C5EC6 /* Assets.xcassets */ = {isa = PBXFileReference; lastKnownFileType = folder.assetcatalog; path = Assets.xcassets; sourceTree = "<group>"; };
		57097FD41E6CC4EC000C5EC6 /* Base */ = {isa = PBXFileReference; lastKnownFileType = file.storyboard; name = Base; path = Base.lproj/LaunchScreen.storyboard; sourceTree = "<group>"; };
		57097FD61E6CC4EC000C5EC6 /* Info.plist */ = {isa = PBXFileReference; lastKnownFileType = text.plist.xml; path = Info.plist; sourceTree = "<group>"; };
		579B04A21E79A60400941FB3 /* Data.swift */ = {isa = PBXFileReference; fileEncoding = 4; lastKnownFileType = sourcecode.swift; path = Data.swift; sourceTree = "<group>"; };
/* End PBXFileReference section */

/* Begin PBXFrameworksBuildPhase section */
		57097FC41E6CC4EC000C5EC6 /* Frameworks */ = {
			isa = PBXFrameworksBuildPhase;
			buildActionMask = 2147483647;
			files = (
			);
			runOnlyForDeploymentPostprocessing = 0;
		};
/* End PBXFrameworksBuildPhase section */

/* Begin PBXGroup section */
		57097FBE1E6CC4EC000C5EC6 = {
			isa = PBXGroup;
			children = (
				57097FC91E6CC4EC000C5EC6 /* LazyLuggage */,
				57097FC81E6CC4EC000C5EC6 /* Products */,
			);
			sourceTree = "<group>";
		};
		57097FC81E6CC4EC000C5EC6 /* Products */ = {
			isa = PBXGroup;
			children = (
				57097FC71E6CC4EC000C5EC6 /* LazyLuggage.app */,
			);
			name = Products;
			sourceTree = "<group>";
		};
		57097FC91E6CC4EC000C5EC6 /* LazyLuggage */ = {
			isa = PBXGroup;
			children = (
				57097FCA1E6CC4EC000C5EC6 /* AppDelegate.swift */,
				57097FCC1E6CC4EC000C5EC6 /* LazyLuggageViewController.swift */,
				57097FCE1E6CC4EC000C5EC6 /* Main.storyboard */,
				57097FD11E6CC4EC000C5EC6 /* Assets.xcassets */,
				57097FD31E6CC4EC000C5EC6 /* LaunchScreen.storyboard */,
				57097FD61E6CC4EC000C5EC6 /* Info.plist */,
				579B04A21E79A60400941FB3 /* Data.swift */,
			);
			path = LazyLuggage;
			sourceTree = "<group>";
		};
/* End PBXGroup section */

/* Begin PBXNativeTarget section */
		57097FC61E6CC4EC000C5EC6 /* LazyLuggage */ = {
			isa = PBXNativeTarget;
			buildConfigurationList = 57097FD91E6CC4EC000C5EC6 /* Build configuration list for PBXNativeTarget "LazyLuggage" */;
			buildPhases = (
				57097FC31E6CC4EC000C5EC6 /* Sources */,
				57097FC41E6CC4EC000C5EC6 /* Frameworks */,
				57097FC51E6CC4EC000C5EC6 /* Resources */,
			);
			buildRules = (
			);
			dependencies = (
			);
			name = LazyLuggage;
			productName = LazyLuggage;
			productReference = 57097FC71E6CC4EC000C5EC6 /* LazyLuggage.app */;
			productType = "com.apple.product-type.application";
		};
/* End PBXNativeTarget section */

/* Begin PBXProject section */
		57097FBF1E6CC4EC000C5EC6 /* Project object */ = {
			isa = PBXProject;
			attributes = {
				LastSwiftUpdateCheck = 0820;
				LastUpgradeCheck = 0820;
				ORGANIZATIONNAME = LacyLuggage;
				TargetAttributes = {
					57097FC61E6CC4EC000C5EC6 = {
						CreatedOnToolsVersion = 8.2.1;
						DevelopmentTeam = WNVLT95ZEN;
						ProvisioningStyle = Automatic;
					};
				};
			};
			buildConfigurationList = 57097FC21E6CC4EC000C5EC6 /* Build configuration list for PBXProject "LazyLuggage" */;
			compatibilityVersion = "Xcode 3.2";
			developmentRegion = English;
			hasScannedForEncodings = 0;
			knownRegions = (
				en,
				Base,
			);
			mainGroup = 57097FBE1E6CC4EC000C5EC6;
			productRefGroup = 57097FC81E6CC4EC000C5EC6 /* Products */;
			projectDirPath = "";
			projectRoot = "";
			targets = (
				57097FC61E6CC4EC000C5EC6 /* LazyLuggage */,
			);
		};
/* End PBXProject section */

/* Begin PBXResourcesBuildPhase section */
		57097FC51E6CC4EC000C5EC6 /* Resources */ = {
			isa = PBXResourcesBuildPhase;
			buildActionMask = 2147483647;
			files = (
				57097FD51E6CC4EC000C5EC6 /* LaunchScreen.storyboard in Resources */,
				57097FD21E6CC4EC000C5EC6 /* Assets.xcassets in Resources */,
				57097FD01E6CC4EC000C5EC6 /* Main.storyboard in Resources */,
			);
			runOnlyForDeploymentPostprocessing = 0;
		};
/* End PBXResourcesBuildPhase section */

/* Begin PBXSourcesBuildPhase section */
		57097FC31E6CC4EC000C5EC6 /* Sources */ = {
			isa = PBXSourcesBuildPhase;
			buildActionMask = 2147483647;
			files = (
				57097FCD1E6CC4EC000C5EC6 /* LazyLuggageViewController.swift in Sources */,
				579B04A31E79A60400941FB3 /* Data.swift in Sources */,
				57097FCB1E6CC4EC000C5EC6 /* AppDelegate.swift in Sources */,
			);
			runOnlyForDeploymentPostprocessing = 0;
		};
/* End PBXSourcesBuildPhase section */

/* Begin PBXVariantGroup section */
		57097FCE1E6CC4EC000C5EC6 /* Main.storyboard */ = {
			isa = PBXVariantGroup;
			children = (
				57097FCF1E6CC4EC000C5EC6 /* Base */,
			);
			name = Main.storyboard;
			sourceTree = "<group>";
		};
		57097FD31E6CC4EC000C5EC6 /* LaunchScreen.storyboard */ = {
			isa = PBXVariantGroup;
			children = (
				57097FD41E6CC4EC000C5EC6 /* Base */,
			);
			name = LaunchScreen.storyboard;
			sourceTree = "<group>";
		};
/* End PBXVariantGroup section */

/* Begin XCBuildConfiguration section */
		57097FD71E6CC4EC000C5EC6 /* Debug */ = {
			isa = XCBuildConfiguration;
			buildSettings = {
				ALWAYS_SEARCH_USER_PATHS = NO;
				CLANG_ANALYZER_NONNULL = YES;
				CLANG_CXX_LANGUAGE_STANDARD = "gnu++0x";
				CLANG_CXX_LIBRARY = "libc++";
				CLANG_ENABLE_MODULES = YES;
				CLANG_ENABLE_OBJC_ARC = YES;
				CLANG_WARN_BOOL_CONVERSION = YES;
				CLANG_WARN_CONSTANT_CONVERSION = YES;
				CLANG_WARN_DIRECT_OBJC_ISA_USAGE = YES_ERROR;
				CLANG_WARN_DOCUMENTATION_COMMENTS = YES;
				CLANG_WARN_EMPTY_BODY = YES;
				CLANG_WARN_ENUM_CONVERSION = YES;
				CLANG_WARN_INFINITE_RECURSION = YES;
				CLANG_WARN_INT_CONVERSION = YES;
				CLANG_WARN_OBJC_ROOT_CLASS = YES_ERROR;
				CLANG_WARN_SUSPICIOUS_MOVE = YES;
				CLANG_WARN_UNREACHABLE_CODE = YES;
				CLANG_WARN__DUPLICATE_METHOD_MATCH = YES;
				"CODE_SIGN_IDENTITY[sdk=iphoneos*]" = "iPhone Developer";
				COPY_PHASE_STRIP = NO;
				DEBUG_INFORMATION_FORMAT = dwarf;
				ENABLE_STRICT_OBJC_MSGSEND = YES;
				ENABLE_TESTABILITY = YES;
				GCC_C_LANGUAGE_STANDARD = gnu99;
				GCC_DYNAMIC_NO_PIC = NO;
				GCC_NO_COMMON_BLOCKS = YES;
				GCC_OPTIMIZATION_LEVEL = 0;
				GCC_PREPROCESSOR_DEFINITIONS = (
					"DEBUG=1",
					"$(inherited)",
				);
				GCC_WARN_64_TO_32_BIT_CONVERSION = YES;
				GCC_WARN_ABOUT_RETURN_TYPE = YES_ERROR;
				GCC_WARN_UNDECLARED_SELECTOR = YES;
				GCC_WARN_UNINITIALIZED_AUTOS = YES_AGGRESSIVE;
				GCC_WARN_UNUSED_FUNCTION = YES;
				GCC_WARN_UNUSED_VARIABLE = YES;
				IPHONEOS_DEPLOYMENT_TARGET = 10.2;
				MTL_ENABLE_DEBUG_INFO = YES;
				ONLY_ACTIVE_ARCH = YES;
				SDKROOT = iphoneos;
				SWIFT_ACTIVE_COMPILATION_CONDITIONS = DEBUG;
				SWIFT_OPTIMIZATION_LEVEL = "-Onone";
				TARGETED_DEVICE_FAMILY = "1,2";
			};
			name = Debug;
		};
		57097FD81E6CC4EC000C5EC6 /* Release */ = {
			isa = XCBuildConfiguration;
			buildSettings = {
				ALWAYS_SEARCH_USER_PATHS = NO;
				CLANG_ANALYZER_NONNULL = YES;
				CLANG_CXX_LANGUAGE_STANDARD = "gnu++0x";
				CLANG_CXX_LIBRARY = "libc++";
				CLANG_ENABLE_MODULES = YES;
				CLANG_ENABLE_OBJC_ARC = YES;
				CLANG_WARN_BOOL_CONVERSION = YES;
				CLANG_WARN_CONSTANT_CONVERSION = YES;
				CLANG_WARN_DIRECT_OBJC_ISA_USAGE = YES_ERROR;
				CLANG_WARN_DOCUMENTATION_COMMENTS = YES;
				CLANG_WARN_EMPTY_BODY = YES;
				CLANG_WARN_ENUM_CONVERSION = YES;
				CLANG_WARN_INFINITE_RECURSION = YES;
				CLANG_WARN_INT_CONVERSION = YES;
				CLANG_WARN_OBJC_ROOT_CLASS = YES_ERROR;
				CLANG_WARN_SUSPICIOUS_MOVE = YES;
				CLANG_WARN_UNREACHABLE_CODE = YES;
				CLANG_WARN__DUPLICATE_METHOD_MATCH = YES;
				"CODE_SIGN_IDENTITY[sdk=iphoneos*]" = "iPhone Developer";
				COPY_PHASE_STRIP = NO;
				DEBUG_INFORMATION_FORMAT = "dwarf-with-dsym";
				ENABLE_NS_ASSERTIONS = NO;
				ENABLE_STRICT_OBJC_MSGSEND = YES;
				GCC_C_LANGUAGE_STANDARD = gnu99;
				GCC_NO_COMMON_BLOCKS = YES;
				GCC_WARN_64_TO_32_BIT_CONVERSION = YES;
				GCC_WARN_ABOUT_RETURN_TYPE = YES_ERROR;
				GCC_WARN_UNDECLARED_SELECTOR = YES;
				GCC_WARN_UNINITIALIZED_AUTOS = YES_AGGRESSIVE;
				GCC_WARN_UNUSED_FUNCTION = YES;
				GCC_WARN_UNUSED_VARIABLE = YES;
				IPHONEOS_DEPLOYMENT_TARGET = 10.2;
				MTL_ENABLE_DEBUG_INFO = NO;
				SDKROOT = iphoneos;
				SWIFT_OPTIMIZATION_LEVEL = "-Owholemodule";
				TARGETED_DEVICE_FAMILY = "1,2";
				VALIDATE_PRODUCT = YES;
			};
			name = Release;
		};
		57097FDA1E6CC4EC000C5EC6 /* Debug */ = {
			isa = XCBuildConfiguration;
			buildSettings = {
				ASSETCATALOG_COMPILER_APPICON_NAME = AppIcon;
				DEVELOPMENT_TEAM = WNVLT95ZEN;
				INFOPLIST_FILE = LazyLuggage/Info.plist;
				LD_RUNPATH_SEARCH_PATHS = "$(inherited) @executable_path/Frameworks";
				PRODUCT_BUNDLE_IDENTIFIER = com.lazyluggage.LazyLuggage;
				PRODUCT_NAME = "$(TARGET_NAME)";
				SWIFT_VERSION = 3.0;
			};
			name = Debug;
		};
		57097FDB1E6CC4EC000C5EC6 /* Release */ = {
			isa = XCBuildConfiguration;
			buildSettings = {
				ASSETCATALOG_COMPILER_APPICON_NAME = AppIcon;
				DEVELOPMENT_TEAM = WNVLT95ZEN;
				INFOPLIST_FILE = LazyLuggage/Info.plist;
				LD_RUNPATH_SEARCH_PATHS = "$(inherited) @executable_path/Frameworks";
				PRODUCT_BUNDLE_IDENTIFIER = com.lazyluggage.LazyLuggage;
				PRODUCT_NAME = "$(TARGET_NAME)";
				SWIFT_VERSION = 3.0;
			};
			name = Release;
		};
/* End XCBuildConfiguration section */

/* Begin XCConfigurationList section */
		57097FC21E6CC4EC000C5EC6 /* Build configuration list for PBXProject "LazyLuggage" */ = {
			isa = XCConfigurationList;
			buildConfigurations = (
				57097FD71E6CC4EC000C5EC6 /* Debug */,
				57097FD81E6CC4EC000C5EC6 /* Release */,
			);
			defaultConfigurationIsVisible = 0;
			defaultConfigurationName = Release;
		};
		57097FD91E6CC4EC000C5EC6 /* Build configuration list for PBXNativeTarget "LazyLuggage" */ = {
			isa = XCConfigurationList;
			buildConfigurations = (
				57097FDA1E6CC4EC000C5EC6 /* Debug */,
				57097FDB1E6CC4EC000C5EC6 /* Release */,
			);
			defaultConfigurationIsVisible = 0;
			defaultConfigurationName = Release;
		};
/* End XCConfigurationList section */
	};
	rootObject = 57097FBF1E6CC4EC000C5EC6 /* Project object */;
}
